
Microsoft Visual Studio Solution File, Format Version 12.00
# Visual Studio Version 16
VisualStudioVersion = 16.0.31729.503
MinimumVisualStudioVersion = 10.0.40219.1
Project("{FAE04EC0-301F-11D3-BF4B-00C04F79EFBC}") = "BankAPI", "BankAPI\BankAPI.csproj", "{A294F8FD-62EA-4187-9D94-33CA26B4C8AF}"
EndProject
Global
	GlobalSection(SolutionConfigurationPlatforms) = preSolution
		Debug|Any CPU = Debug|Any CPU
		Release|Any CPU = Release|Any CPU
	EndGlobalSection
	GlobalSection(ProjectConfigurationPlatforms) = postSolution
		{A294F8FD-62EA-4187-9D94-33CA26B4C8AF}.Debug|Any CPU.ActiveCfg = Debug|Any CPU
		{A294F8FD-62EA-4187-9D94-33CA26B4C8AF}.Debug|Any CPU.Build.0 = Debug|Any CPU
		{A294F8FD-62EA-4187-9D94-33CA26B4C8AF}.Release|Any CPU.ActiveCfg = Release|Any CPU
		{A294F8FD-62EA-4187-9D94-33CA26B4C8AF}.Release|Any CPU.Build.0 = Release|Any CPU
	EndGlobalSection
	GlobalSection(SolutionProperties) = preSolution
		HideSolutionNode = FALSE
	EndGlobalSection
	GlobalSection(ExtensibilityGlobals) = postSolution
		SolutionGuid = {74575B93-7FA2-438C-A78D-C6A8142B0800}
	EndGlobalSection
EndGlobal
