
Microsoft Visual Studio Solution File, Format Version 12.00
# Visual Studio Version 16
VisualStudioVersion = 16.0.31729.503
MinimumVisualStudioVersion = 10.0.40219.1
Project("{9A19103F-16F7-4668-BE54-9A1E7A4F7556}") = "BankAPI.Models", "BankAPI.Models\BankAPI.Models.csproj", "{E8CC5139-2881-437A-9BD1-B1C1229E1DC4}"
EndProject
Project("{FAE04EC0-301F-11D3-BF4B-00C04F79EFBC}") = "BankAPI", "BankAPI\BankAPI.csproj", "{91B19CCD-6B53-49BF-BDC2-B2A786E00920}"
EndProject
Project("{FAE04EC0-301F-11D3-BF4B-00C04F79EFBC}") = "BankAPI.Repository", "BankAPI.Repository\BankAPI.Repository.csproj", "{96AB3493-648A-461E-AC8C-D4C63D4B76EF}"
EndProject
Project("{FAE04EC0-301F-11D3-BF4B-00C04F79EFBC}") = "BankAPI.Services", "BankAPI.Services\BankAPI.Services.csproj", "{2A3C5558-6A82-4B4D-BEC0-58310AEE2467}"
EndProject
Global
	GlobalSection(SolutionConfigurationPlatforms) = preSolution
		Debug|Any CPU = Debug|Any CPU
		Release|Any CPU = Release|Any CPU
	EndGlobalSection
	GlobalSection(ProjectConfigurationPlatforms) = postSolution
		{E8CC5139-2881-437A-9BD1-B1C1229E1DC4}.Debug|Any CPU.ActiveCfg = Debug|Any CPU
		{E8CC5139-2881-437A-9BD1-B1C1229E1DC4}.Debug|Any CPU.Build.0 = Debug|Any CPU
		{E8CC5139-2881-437A-9BD1-B1C1229E1DC4}.Release|Any CPU.ActiveCfg = Release|Any CPU
		{E8CC5139-2881-437A-9BD1-B1C1229E1DC4}.Release|Any CPU.Build.0 = Release|Any CPU
		{91B19CCD-6B53-49BF-BDC2-B2A786E00920}.Debug|Any CPU.ActiveCfg = Debug|Any CPU
		{91B19CCD-6B53-49BF-BDC2-B2A786E00920}.Debug|Any CPU.Build.0 = Debug|Any CPU
		{91B19CCD-6B53-49BF-BDC2-B2A786E00920}.Release|Any CPU.ActiveCfg = Release|Any CPU
		{91B19CCD-6B53-49BF-BDC2-B2A786E00920}.Release|Any CPU.Build.0 = Release|Any CPU
		{96AB3493-648A-461E-AC8C-D4C63D4B76EF}.Debug|Any CPU.ActiveCfg = Debug|Any CPU
		{96AB3493-648A-461E-AC8C-D4C63D4B76EF}.Debug|Any CPU.Build.0 = Debug|Any CPU
		{96AB3493-648A-461E-AC8C-D4C63D4B76EF}.Release|Any CPU.ActiveCfg = Release|Any CPU
		{96AB3493-648A-461E-AC8C-D4C63D4B76EF}.Release|Any CPU.Build.0 = Release|Any CPU
		{2A3C5558-6A82-4B4D-BEC0-58310AEE2467}.Debug|Any CPU.ActiveCfg = Debug|Any CPU
		{2A3C5558-6A82-4B4D-BEC0-58310AEE2467}.Debug|Any CPU.Build.0 = Debug|Any CPU
		{2A3C5558-6A82-4B4D-BEC0-58310AEE2467}.Release|Any CPU.ActiveCfg = Release|Any CPU
		{2A3C5558-6A82-4B4D-BEC0-58310AEE2467}.Release|Any CPU.Build.0 = Release|Any CPU
	EndGlobalSection
	GlobalSection(SolutionProperties) = preSolution
		HideSolutionNode = FALSE
	EndGlobalSection
	GlobalSection(ExtensibilityGlobals) = postSolution
		SolutionGuid = {74575B93-7FA2-438C-A78D-C6A8142B0800}
	EndGlobalSection
EndGlobal
